PODS:
  - AWSCore (2.24.0)
  - AWSS3 (2.24.0):
    - AWSCore (= 2.24.0)

DEPENDENCIES:
  - AWSS3

SPEC REPOS:
  trunk:
    - AWSCore
    - AWSS3

SPEC CHECKSUMS:
  AWSCore: d5cd1311b33a4ae9faacda839c0ac9fff711cd79
  AWSS3: d2e6ec331c46d1e00e4d25d061f2f9e85de22977

PODFILE CHECKSUM: 97b44083907162335cf048b917a2c7cf4a25f3d7

COCOAPODS: 1.10.1
